// !$*UTF8*$!
{
	archiveVersion = 1;
	classes = {
	};
	objectVersion = 46;
	objects = {

/* Begin PBXBuildFile section */
		01FD0DAC1F166E420050E501 /* AppDelegate.swift in Sources */ = {isa = PBXBuildFile; fileRef = 01FD0DAB1F166E420050E501 /* AppDelegate.swift */; };
		01FD0DAE1F166E420050E501 /* ViewController.swift in Sources */ = {isa = PBXBuildFile; fileRef = 01FD0DAD1F166E420050E501 /* ViewController.swift */; };
		01FD0DB11F166E420050E501 /* Main.storyboard in Resources */ = {isa = PBXBuildFile; fileRef = 01FD0DAF1F166E420050E501 /* Main.storyboard */; };
		01FD0DB31F166E420050E501 /* Assets.xcassets in Resources */ = {isa = PBXBuildFile; fileRef = 01FD0DB21F166E420050E501 /* Assets.xcassets */; };
		01FD0DB61F166E420050E501 /* LaunchScreen.storyboard in Resources */ = {isa = PBXBuildFile; fileRef = 01FD0DB41F166E420050E501 /* LaunchScreen.storyboard */; };
		01FD0DC11F166E420050E501 /* asdasdTests.swift in Sources */ = {isa = PBXBuildFile; fileRef = 01FD0DC01F166E420050E501 /* asdasdTests.swift */; };
		01FD0DCC1F166E420050E501 /* asdasdUITests.swift in Sources */ = {isa = PBXBuildFile; fileRef = 01FD0DCB1F166E420050E501 /* asdasdUITests.swift */; };
/* End PBXBuildFile section */

/* Begin PBXContainerItemProxy section */
		01FD0DBD1F166E420050E501 /* PBXContainerItemProxy */ = {
			isa = PBXContainerItemProxy;
			containerPortal = 01FD0DA01F166E410050E501 /* Project object */;
			proxyType = 1;
			remoteGlobalIDString = 01FD0DA71F166E420050E501;
			remoteInfo = asdasd;
		};
		01FD0DC81F166E420050E501 /* PBXContainerItemProxy */ = {
			isa = PBXContainerItemProxy;
			containerPortal = 01FD0DA01F166E410050E501 /* Project object */;
			proxyType = 1;
			remoteGlobalIDString = 01FD0DA71F166E420050E501;
			remoteInfo = asdasd;
		};
/* End PBXContainerItemProxy section */

/* Begin PBXFileReference section */
		01FD0DA81F166E420050E501 /* asdasd.app */ = {isa = PBXFileReference; explicitFileType = wrapper.application; includeInIndex = 0; path = asdasd.app; sourceTree = BUILT_PRODUCTS_DIR; };
		01FD0DAB1F166E420050E501 /* AppDelegate.swift */ = {isa = PBXFileReference; lastKnownFileType = sourcecode.swift; path = AppDelegate.swift; sourceTree = "<group>"; };
		01FD0DAD1F166E420050E501 /* ViewController.swift */ = {isa = PBXFileReference; lastKnownFileType = sourcecode.swift; path = ViewController.swift; sourceTree = "<group>"; };
		01FD0DB01F166E420050E501 /* Base */ = {isa = PBXFileReference; lastKnownFileType = file.storyboard; name = Base; path = Base.lproj/Main.storyboard; sourceTree = "<group>"; };
		01FD0DB21F166E420050E501 /* Assets.xcassets */ = {isa = PBXFileReference; lastKnownFileType = folder.assetcatalog; path = Assets.xcassets; sourceTree = "<group>"; };
		01FD0DB51F166E420050E501 /* Base */ = {isa = PBXFileReference; lastKnownFileType = file.storyboard; name = Base; path = Base.lproj/LaunchScreen.storyboard; sourceTree = "<group>"; };
		01FD0DB71F166E420050E501 /* Info.plist */ = {isa = PBXFileReference; lastKnownFileType = text.plist.xml; path = Info.plist; sourceTree = "<group>"; };
		01FD0DBC1F166E420050E501 /* asdasdTests.xctest */ = {isa = PBXFileReference; explicitFileType = wrapper.cfbundle; includeInIndex = 0; path = asdasdTests.xctest; sourceTree = BUILT_PRODUCTS_DIR; };
		01FD0DC01F166E420050E501 /* asdasdTests.swift */ = {isa = PBXFileReference; lastKnownFileType = sourcecode.swift; path = asdasdTests.swift; sourceTree = "<group>"; };
		01FD0DC21F166E420050E501 /* Info.plist */ = {isa = PBXFileReference; lastKnownFileType = text.plist.xml; path = Info.plist; sourceTree = "<group>"; };
		01FD0DC71F166E420050E501 /* asdasdUITests.xctest */ = {isa = PBXFileReference; explicitFileType = wrapper.cfbundle; includeInIndex = 0; path = asdasdUITests.xctest; sourceTree = BUILT_PRODUCTS_DIR; };
		01FD0DCB1F166E420050E501 /* asdasdUITests.swift */ = {isa = PBXFileReference; lastKnownFileType = sourcecode.swift; path = asdasdUITests.swift; sourceTree = "<group>"; };
		01FD0DCD1F166E420050E501 /* Info.plist */ = {isa = PBXFileReference; lastKnownFileType = text.plist.xml; path = Info.plist; sourceTree = "<group>"; };
/* End PBXFileReference section */

/* Begin PBXFrameworksBuildPhase section */
		01FD0DA51F166E420050E501 /* Frameworks */ = {
			isa = PBXFrameworksBuildPhase;
			buildActionMask = 2147483647;
			files = (
			);
			runOnlyForDeploymentPostprocessing = 0;
		};
		01FD0DB91F166E420050E501 /* Frameworks */ = {
			isa = PBXFrameworksBuildPhase;
			buildActionMask = 2147483647;
			files = (
			);
			runOnlyForDeploymentPostprocessing = 0;
		};
		01FD0DC41F166E420050E501 /* Frameworks */ = {
			isa = PBXFrameworksBuildPhase;
			buildActionMask = 2147483647;
			files = (
			);
			runOnlyForDeploymentPostprocessing = 0;
		};
/* End PBXFrameworksBuildPhase section */

/* Begin PBXGroup section */
		01FD0D9F1F166E410050E501 = {
			isa = PBXGroup;
			children = (
				01FD0DAA1F166E420050E501 /* asdasd */,
				01FD0DBF1F166E420050E501 /* asdasdTests */,
				01FD0DCA1F166E420050E501 /* asdasdUITests */,
				01FD0DA91F166E420050E501 /* Products */,
			);
			sourceTree = "<group>";
		};
		01FD0DA91F166E420050E501 /* Products */ = {
			isa = PBXGroup;
			children = (
				01FD0DA81F166E420050E501 /* asdasd.app */,
				01FD0DBC1F166E420050E501 /* asdasdTests.xctest */,
				01FD0DC71F166E420050E501 /* asdasdUITests.xctest */,
			);
			name = Products;
			sourceTree = "<group>";
		};
		01FD0DAA1F166E420050E501 /* asdasd */ = {
			isa = PBXGroup;
			children = (
				01FD0DAB1F166E420050E501 /* AppDelegate.swift */,
				01FD0DAD1F166E420050E501 /* ViewController.swift */,
				01FD0DAF1F166E420050E501 /* Main.storyboard */,
				01FD0DB21F166E420050E501 /* Assets.xcassets */,
				01FD0DB41F166E420050E501 /* LaunchScreen.storyboard */,
				01FD0DB71F166E420050E501 /* Info.plist */,
			);
			path = asdasd;
			sourceTree = "<group>";
		};
		01FD0DBF1F166E420050E501 /* asdasdTests */ = {
			isa = PBXGroup;
			children = (
				01FD0DC01F166E420050E501 /* asdasdTests.swift */,
				01FD0DC21F166E420050E501 /* Info.plist */,
			);
			path = asdasdTests;
			sourceTree = "<group>";
		};
		01FD0DCA1F166E420050E501 /* asdasdUITests */ = {
			isa = PBXGroup;
			children = (
				01FD0DCB1F166E420050E501 /* asdasdUITests.swift */,
				01FD0DCD1F166E420050E501 /* Info.plist */,
			);
			path = asdasdUITests;
			sourceTree = "<group>";
		};
/* End PBXGroup section */

/* Begin PBXNativeTarget section */
		01FD0DA71F166E420050E501 /* asdasd */ = {
			isa = PBXNativeTarget;
			buildConfigurationList = 01FD0DD01F166E420050E501 /* Build configuration list for PBXNativeTarget "asdasd" */;
			buildPhases = (
				01FD0DA41F166E420050E501 /* Sources */,
				01FD0DA51F166E420050E501 /* Frameworks */,
				01FD0DA61F166E420050E501 /* Resources */,
			);
			buildRules = (
			);
			dependencies = (
			);
			name = asdasd;
			productName = asdasd;
			productReference = 01FD0DA81F166E420050E501 /* asdasd.app */;
			productType = "com.apple.product-type.application";
		};
		01FD0DBB1F166E420050E501 /* asdasdTests */ = {
			isa = PBXNativeTarget;
			buildConfigurationList = 01FD0DD31F166E420050E501 /* Build configuration list for PBXNativeTarget "asdasdTests" */;
			buildPhases = (
				01FD0DB81F166E420050E501 /* Sources */,
				01FD0DB91F166E420050E501 /* Frameworks */,
				01FD0DBA1F166E420050E501 /* Resources */,
			);
			buildRules = (
			);
			dependencies = (
				01FD0DBE1F166E420050E501 /* PBXTargetDependency */,
			);
			name = asdasdTests;
			productName = asdasdTests;
			productReference = 01FD0DBC1F166E420050E501 /* asdasdTests.xctest */;
			productType = "com.apple.product-type.bundle.unit-test";
		};
		01FD0DC61F166E420050E501 /* asdasdUITests */ = {
			isa = PBXNativeTarget;
			buildConfigurationList = 01FD0DD61F166E420050E501 /* Build configuration list for PBXNativeTarget "asdasdUITests" */;
			buildPhases = (
				01FD0DC31F166E420050E501 /* Sources */,
				01FD0DC41F166E420050E501 /* Frameworks */,
				01FD0DC51F166E420050E501 /* Resources */,
			);
			buildRules = (
			);
			dependencies = (
				01FD0DC91F166E420050E501 /* PBXTargetDependency */,
			);
			name = asdasdUITests;
			productName = asdasdUITests;
			productReference = 01FD0DC71F166E420050E501 /* asdasdUITests.xctest */;
			productType = "com.apple.product-type.bundle.ui-testing";
		};
/* End PBXNativeTarget section */

/* Begin PBXProject section */
		01FD0DA01F166E410050E501 /* Project object */ = {
			isa = PBXProject;
			attributes = {
				LastSwiftUpdateCheck = 0830;
				LastUpgradeCheck = 0830;
				ORGANIZATIONNAME = "Dmitry Lernatovich";
				TargetAttributes = {
					01FD0DA71F166E420050E501 = {
						CreatedOnToolsVersion = 8.3.3;
						DevelopmentTeam = C2WMXGA65R;
						ProvisioningStyle = Automatic;
					};
					01FD0DBB1F166E420050E501 = {
						CreatedOnToolsVersion = 8.3.3;
						DevelopmentTeam = C2WMXGA65R;
						ProvisioningStyle = Automatic;
						TestTargetID = 01FD0DA71F166E420050E501;
					};
					01FD0DC61F166E420050E501 = {
						CreatedOnToolsVersion = 8.3.3;
						DevelopmentTeam = C2WMXGA65R;
						ProvisioningStyle = Automatic;
						TestTargetID = 01FD0DA71F166E420050E501;
					};
				};
			};
			buildConfigurationList = 01FD0DA31F166E410050E501 /* Build configuration list for PBXProject "asdasd" */;
			compatibilityVersion = "Xcode 3.2";
			developmentRegion = English;
			hasScannedForEncodings = 0;
			knownRegions = (
				en,
				Base,
			);
			mainGroup = 01FD0D9F1F166E410050E501;
			productRefGroup = 01FD0DA91F166E420050E501 /* Products */;
			projectDirPath = "";
			projectRoot = "";
			targets = (
				01FD0DA71F166E420050E501 /* asdasd */,
				01FD0DBB1F166E420050E501 /* asdasdTests */,
				01FD0DC61F166E420050E501 /* asdasdUITests */,
			);
		};
/* End PBXProject section */

/* Begin PBXResourcesBuildPhase section */
		01FD0DA61F166E420050E501 /* Resources */ = {
			isa = PBXResourcesBuildPhase;
			buildActionMask = 2147483647;
			files = (
				01FD0DB61F166E420050E501 /* LaunchScreen.storyboard in Resources */,
				01FD0DB31F166E420050E501 /* Assets.xcassets in Resources */,
				01FD0DB11F166E420050E501 /* Main.storyboard in Resources */,
			);
			runOnlyForDeploymentPostprocessing = 0;
		};
		01FD0DBA1F166E420050E501 /* Resources */ = {
			isa = PBXResourcesBuildPhase;
			buildActionMask = 2147483647;
			files = (
			);
			runOnlyForDeploymentPostprocessing = 0;
		};
		01FD0DC51F166E420050E501 /* Resources */ = {
			isa = PBXResourcesBuildPhase;
			buildActionMask = 2147483647;
			files = (
			);
			runOnlyForDeploymentPostprocessing = 0;
		};
/* End PBXResourcesBuildPhase section */

/* Begin PBXSourcesBuildPhase section */
		01FD0DA41F166E420050E501 /* Sources */ = {
			isa = PBXSourcesBuildPhase;
			buildActionMask = 2147483647;
			files = (
				01FD0DAE1F166E420050E501 /* ViewController.swift in Sources */,
				01FD0DAC1F166E420050E501 /* AppDelegate.swift in Sources */,
			);
			runOnlyForDeploymentPostprocessing = 0;
		};
		01FD0DB81F166E420050E501 /* Sources */ = {
			isa = PBXSourcesBuildPhase;
			buildActionMask = 2147483647;
			files = (
				01FD0DC11F166E420050E501 /* asdasdTests.swift in Sources */,
			);
			runOnlyForDeploymentPostprocessing = 0;
		};
		01FD0DC31F166E420050E501 /* Sources */ = {
			isa = PBXSourcesBuildPhase;
			buildActionMask = 2147483647;
			files = (
				01FD0DCC1F166E420050E501 /* asdasdUITests.swift in Sources */,
			);
			runOnlyForDeploymentPostprocessing = 0;
		};
/* End PBXSourcesBuildPhase section */

/* Begin PBXTargetDependency section */
		01FD0DBE1F166E420050E501 /* PBXTargetDependency */ = {
			isa = PBXTargetDependency;
			target = 01FD0DA71F166E420050E501 /* asdasd */;
			targetProxy = 01FD0DBD1F166E420050E501 /* PBXContainerItemProxy */;
		};
		01FD0DC91F166E420050E501 /* PBXTargetDependency */ = {
			isa = PBXTargetDependency;
			target = 01FD0DA71F166E420050E501 /* asdasd */;
			targetProxy = 01FD0DC81F166E420050E501 /* PBXContainerItemProxy */;
		};
/* End PBXTargetDependency section */

/* Begin PBXVariantGroup section */
		01FD0DAF1F166E420050E501 /* Main.storyboard */ = {
			isa = PBXVariantGroup;
			children = (
				01FD0DB01F166E420050E501 /* Base */,
			);
			name = Main.storyboard;
			sourceTree = "<group>";
		};
		01FD0DB41F166E420050E501 /* LaunchScreen.storyboard */ = {
			isa = PBXVariantGroup;
			children = (
				01FD0DB51F166E420050E501 /* Base */,
			);
			name = LaunchScreen.storyboard;
			sourceTree = "<group>";
		};
/* End PBXVariantGroup section */

/* Begin XCBuildConfiguration section */
		01FD0DCE1F166E420050E501 /* Debug */ = {
			isa = XCBuildConfiguration;
			buildSettings = {
				ALWAYS_SEARCH_USER_PATHS = NO;
				CLANG_ANALYZER_NONNULL = YES;
				CLANG_ANALYZER_NUMBER_OBJECT_CONVERSION = YES_AGGRESSIVE;
				CLANG_CXX_LANGUAGE_STANDARD = "gnu++0x";
				CLANG_CXX_LIBRARY = "libc++";
				CLANG_ENABLE_MODULES = YES;
				CLANG_ENABLE_OBJC_ARC = YES;
				CLANG_WARN_BOOL_CONVERSION = YES;
				CLANG_WARN_CONSTANT_CONVERSION = YES;
				CLANG_WARN_DIRECT_OBJC_ISA_USAGE = YES_ERROR;
				CLANG_WARN_DOCUMENTATION_COMMENTS = YES;
				CLANG_WARN_EMPTY_BODY = YES;
				CLANG_WARN_ENUM_CONVERSION = YES;
				CLANG_WARN_INFINITE_RECURSION = YES;
				CLANG_WARN_INT_CONVERSION = YES;
				CLANG_WARN_OBJC_ROOT_CLASS = YES_ERROR;
				CLANG_WARN_SUSPICIOUS_MOVE = YES;
				CLANG_WARN_UNREACHABLE_CODE = YES;
				CLANG_WARN__DUPLICATE_METHOD_MATCH = YES;
				"CODE_SIGN_IDENTITY[sdk=iphoneos*]" = "iPhone Developer";
				COPY_PHASE_STRIP = NO;
				DEBUG_INFORMATION_FORMAT = dwarf;
				ENABLE_STRICT_OBJC_MSGSEND = YES;
				ENABLE_TESTABILITY = YES;
				GCC_C_LANGUAGE_STANDARD = gnu99;
				GCC_DYNAMIC_NO_PIC = NO;
				GCC_NO_COMMON_BLOCKS = YES;
				GCC_OPTIMIZATION_LEVEL = 0;
				GCC_PREPROCESSOR_DEFINITIONS = (
					"DEBUG=1",
					"$(inherited)",
				);
				GCC_WARN_64_TO_32_BIT_CONVERSION = YES;
				GCC_WARN_ABOUT_RETURN_TYPE = YES_ERROR;
				GCC_WARN_UNDECLARED_SELECTOR = YES;
				GCC_WARN_UNINITIALIZED_AUTOS = YES_AGGRESSIVE;
				GCC_WARN_UNUSED_FUNCTION = YES;
				GCC_WARN_UNUSED_VARIABLE = YES;
				IPHONEOS_DEPLOYMENT_TARGET = 10.3;
				MTL_ENABLE_DEBUG_INFO = YES;
				ONLY_ACTIVE_ARCH = YES;
				SDKROOT = iphoneos;
				SWIFT_ACTIVE_COMPILATION_CONDITIONS = DEBUG;
				SWIFT_OPTIMIZATION_LEVEL = "-Onone";
				TARGETED_DEVICE_FAMILY = "1,2";
			};
			name = Debug;
		};
		01FD0DCF1F166E420050E501 /* Release */ = {
			isa = XCBuildConfiguration;
			buildSettings = {
				ALWAYS_SEARCH_USER_PATHS = NO;
				CLANG_ANALYZER_NONNULL = YES;
				CLANG_ANALYZER_NUMBER_OBJECT_CONVERSION = YES_AGGRESSIVE;
				CLANG_CXX_LANGUAGE_STANDARD = "gnu++0x";
				CLANG_CXX_LIBRARY = "libc++";
				CLANG_ENABLE_MODULES = YES;
				CLANG_ENABLE_OBJC_ARC = YES;
				CLANG_WARN_BOOL_CONVERSION = YES;
				CLANG_WARN_CONSTANT_CONVERSION = YES;
				CLANG_WARN_DIRECT_OBJC_ISA_USAGE = YES_ERROR;
				CLANG_WARN_DOCUMENTATION_COMMENTS = YES;
				CLANG_WARN_EMPTY_BODY = YES;
				CLANG_WARN_ENUM_CONVERSION = YES;
				CLANG_WARN_INFINITE_RECURSION = YES;
				CLANG_WARN_INT_CONVERSION = YES;
				CLANG_WARN_OBJC_ROOT_CLASS = YES_ERROR;
				CLANG_WARN_SUSPICIOUS_MOVE = YES;
				CLANG_WARN_UNREACHABLE_CODE = YES;
				CLANG_WARN__DUPLICATE_METHOD_MATCH = YES;
				"CODE_SIGN_IDENTITY[sdk=iphoneos*]" = "iPhone Developer";
				COPY_PHASE_STRIP = NO;
				DEBUG_INFORMATION_FORMAT = "dwarf-with-dsym";
				ENABLE_NS_ASSERTIONS = NO;
				ENABLE_STRICT_OBJC_MSGSEND = YES;
				GCC_C_LANGUAGE_STANDARD = gnu99;
				GCC_NO_COMMON_BLOCKS = YES;
				GCC_WARN_64_TO_32_BIT_CONVERSION = YES;
				GCC_WARN_ABOUT_RETURN_TYPE = YES_ERROR;
				GCC_WARN_UNDECLARED_SELECTOR = YES;
				GCC_WARN_UNINITIALIZED_AUTOS = YES_AGGRESSIVE;
				GCC_WARN_UNUSED_FUNCTION = YES;
				GCC_WARN_UNUSED_VARIABLE = YES;
				IPHONEOS_DEPLOYMENT_TARGET = 10.3;
				MTL_ENABLE_DEBUG_INFO = NO;
				SDKROOT = iphoneos;
				SWIFT_OPTIMIZATION_LEVEL = "-Owholemodule";
				TARGETED_DEVICE_FAMILY = "1,2";
				VALIDATE_PRODUCT = YES;
			};
			name = Release;
		};
		01FD0DD11F166E420050E501 /* Debug */ = {
			isa = XCBuildConfiguration;
			buildSettings = {
				ASSETCATALOG_COMPILER_APPICON_NAME = AppIcon;
				DEVELOPMENT_TEAM = C2WMXGA65R;
				INFOPLIST_FILE = asdasd/Info.plist;
				LD_RUNPATH_SEARCH_PATHS = "$(inherited) @executable_path/Frameworks";
				PRODUCT_BUNDLE_IDENTIFIER = "Apt-Inc..asdasd";
				PRODUCT_NAME = "$(TARGET_NAME)";
				SWIFT_VERSION = 3.0;
			};
			name = Debug;
		};
		01FD0DD21F166E420050E501 /* Release */ = {
			isa = XCBuildConfiguration;
			buildSettings = {
				ASSETCATALOG_COMPILER_APPICON_NAME = AppIcon;
				DEVELOPMENT_TEAM = C2WMXGA65R;
				INFOPLIST_FILE = asdasd/Info.plist;
				LD_RUNPATH_SEARCH_PATHS = "$(inherited) @executable_path/Frameworks";
				PRODUCT_BUNDLE_IDENTIFIER = "Apt-Inc..asdasd";
				PRODUCT_NAME = "$(TARGET_NAME)";
				SWIFT_VERSION = 3.0;
			};
			name = Release;
		};
		01FD0DD41F166E420050E501 /* Debug */ = {
			isa = XCBuildConfiguration;
			buildSettings = {
				ALWAYS_EMBED_SWIFT_STANDARD_LIBRARIES = YES;
				BUNDLE_LOADER = "$(TEST_HOST)";
				DEVELOPMENT_TEAM = C2WMXGA65R;
				INFOPLIST_FILE = asdasdTests/Info.plist;
				LD_RUNPATH_SEARCH_PATHS = "$(inherited) @executable_path/Frameworks @loader_path/Frameworks";
				PRODUCT_BUNDLE_IDENTIFIER = "Apt-Inc..asdasdTests";
				PRODUCT_NAME = "$(TARGET_NAME)";
				SWIFT_VERSION = 3.0;
				TEST_HOST = "$(BUILT_PRODUCTS_DIR)/asdasd.app/asdasd";
			};
			name = Debug;
		};
		01FD0DD51F166E420050E501 /* Release */ = {
			isa = XCBuildConfiguration;
			buildSettings = {
				ALWAYS_EMBED_SWIFT_STANDARD_LIBRARIES = YES;
				BUNDLE_LOADER = "$(TEST_HOST)";
				DEVELOPMENT_TEAM = C2WMXGA65R;
				INFOPLIST_FILE = asdasdTests/Info.plist;
				LD_RUNPATH_SEARCH_PATHS = "$(inherited) @executable_path/Frameworks @loader_path/Frameworks";
				PRODUCT_BUNDLE_IDENTIFIER = "Apt-Inc..asdasdTests";
				PRODUCT_NAME = "$(TARGET_NAME)";
				SWIFT_VERSION = 3.0;
				TEST_HOST = "$(BUILT_PRODUCTS_DIR)/asdasd.app/asdasd";
			};
			name = Release;
		};
		01FD0DD71F166E420050E501 /* Debug */ = {
			isa = XCBuildConfiguration;
			buildSettings = {
				ALWAYS_EMBED_SWIFT_STANDARD_LIBRARIES = YES;
				DEVELOPMENT_TEAM = C2WMXGA65R;
				INFOPLIST_FILE = asdasdUITests/Info.plist;
				LD_RUNPATH_SEARCH_PATHS = "$(inherited) @executable_path/Frameworks @loader_path/Frameworks";
				PRODUCT_BUNDLE_IDENTIFIER = "Apt-Inc..asdasdUITests";
				PRODUCT_NAME = "$(TARGET_NAME)";
				SWIFT_VERSION = 3.0;
				TEST_TARGET_NAME = asdasd;
			};
			name = Debug;
		};
		01FD0DD81F166E420050E501 /* Release */ = {
			isa = XCBuildConfiguration;
			buildSettings = {
				ALWAYS_EMBED_SWIFT_STANDARD_LIBRARIES = YES;
				DEVELOPMENT_TEAM = C2WMXGA65R;
				INFOPLIST_FILE = asdasdUITests/Info.plist;
				LD_RUNPATH_SEARCH_PATHS = "$(inherited) @executable_path/Frameworks @loader_path/Frameworks";
				PRODUCT_BUNDLE_IDENTIFIER = "Apt-Inc..asdasdUITests";
				PRODUCT_NAME = "$(TARGET_NAME)";
				SWIFT_VERSION = 3.0;
				TEST_TARGET_NAME = asdasd;
			};
			name = Release;
		};
/* End XCBuildConfiguration section */

/* Begin XCConfigurationList section */
		01FD0DA31F166E410050E501 /* Build configuration list for PBXProject "asdasd" */ = {
			isa = XCConfigurationList;
			buildConfigurations = (
				01FD0DCE1F166E420050E501 /* Debug */,
				01FD0DCF1F166E420050E501 /* Release */,
			);
			defaultConfigurationIsVisible = 0;
			defaultConfigurationName = Release;
		};
		01FD0DD01F166E420050E501 /* Build configuration list for PBXNativeTarget "asdasd" */ = {
			isa = XCConfigurationList;
			buildConfigurations = (
				01FD0DD11F166E420050E501 /* Debug */,
				01FD0DD21F166E420050E501 /* Release */,
			);
			defaultConfigurationIsVisible = 0;
		};
		01FD0DD31F166E420050E501 /* Build configuration list for PBXNativeTarget "asdasdTests" */ = {
			isa = XCConfigurationList;
			buildConfigurations = (
				01FD0DD41F166E420050E501 /* Debug */,
				01FD0DD51F166E420050E501 /* Release */,
			);
			defaultConfigurationIsVisible = 0;
		};
		01FD0DD61F166E420050E501 /* Build configuration list for PBXNativeTarget "asdasdUITests" */ = {
			isa = XCConfigurationList;
			buildConfigurations = (
				01FD0DD71F166E420050E501 /* Debug */,
				01FD0DD81F166E420050E501 /* Release */,
			);
			defaultConfigurationIsVisible = 0;
		};
/* End XCConfigurationList section */
	};
	rootObject = 01FD0DA01F166E410050E501 /* Project object */;
}
